
Microsoft Visual Studio Solution File, Format Version 12.00
# Visual Studio Version 17
VisualStudioVersion = 17.3.32929.385
MinimumVisualStudioVersion = 10.0.40219.1
Project("{FAE04EC0-301F-11D3-BF4B-00C04F79EFBC}") = "AplicativoNotasWeb", "AplicativoNotasWeb\AplicativoNotasWeb.csproj", "{0857ADDC-D2D1-4AB2-A32A-C03C09B84B09}"
EndProject
Global
	GlobalSection(SolutionConfigurationPlatforms) = preSolution
		Debug|Any CPU = Debug|Any CPU
		Release|Any CPU = Release|Any CPU
	EndGlobalSection
	GlobalSection(ProjectConfigurationPlatforms) = postSolution
		{0857ADDC-D2D1-4AB2-A32A-C03C09B84B09}.Debug|Any CPU.ActiveCfg = Debug|Any CPU
		{0857ADDC-D2D1-4AB2-A32A-C03C09B84B09}.Debug|Any CPU.Build.0 = Debug|Any CPU
		{0857ADDC-D2D1-4AB2-A32A-C03C09B84B09}.Release|Any CPU.ActiveCfg = Release|Any CPU
		{0857ADDC-D2D1-4AB2-A32A-C03C09B84B09}.Release|Any CPU.Build.0 = Release|Any CPU
	EndGlobalSection
	GlobalSection(SolutionProperties) = preSolution
		HideSolutionNode = FALSE
	EndGlobalSection
	GlobalSection(ExtensibilityGlobals) = postSolution
		SolutionGuid = {3C8D7677-02A0-4B6C-8576-66AAD5410010}
	EndGlobalSection
EndGlobal
